{
  "name": "visual",
  "lockfileVersion": 3,
  "requires": true,
  "packages": {
    "": {
      "name": "visual",
      "devDependencies": {
        "powerbi-visuals-api": "~1.13.0",
        "powerbi-visuals-utils-dataviewutils": "1.2.0"
      }
    },
    "node_modules/powerbi-visuals-api": {
      "version": "1.13.0",
      "resolved": "https://registry.npmjs.org/powerbi-visuals-api/-/powerbi-visuals-api-1.13.0.tgz",
      "integrity": "sha512-kIRa0nus1XJrwp1f626yyjYt89E8L8cgDFlQUgbgFf5drzeFoqeGzkVn1ldTBCBP4BM7VNOrsY5OMtioyxd9kg==",
      "dev": true,
      "license": "MIT"
    },
    "node_modules/powerbi-visuals-utils-dataviewutils": {
      "version": "1.2.0",
      "resolved": "https://registry.npmjs.org/powerbi-visuals-utils-dataviewutils/-/powerbi-visuals-utils-dataviewutils-1.2.0.tgz",
      "integrity": "sha1-WaHJgzVclYoj2ZAYlPZfFXUZMhM=",
      "dev": true
    }
  }
}
